
Microsoft Visual Studio Solution File, Format Version 12.00
# Visual Studio Version 17
VisualStudioVersion = 17.4.33110.190
MinimumVisualStudioVersion = 10.0.40219.1
Project("{FAE04EC0-301F-11D3-BF4B-00C04F79EFBC}") = "DocumentSender", "DocumentSender\DocumentSender.csproj", "{D4433D01-D4F8-462E-895C-D4337BCB2F16}"
EndProject
Global
	GlobalSection(SolutionConfigurationPlatforms) = preSolution
		Debug|Any CPU = Debug|Any CPU
		Release|Any CPU = Release|Any CPU
	EndGlobalSection
	GlobalSection(ProjectConfigurationPlatforms) = postSolution
		{D4433D01-D4F8-462E-895C-D4337BCB2F16}.Debug|Any CPU.ActiveCfg = Debug|Any CPU
		{D4433D01-D4F8-462E-895C-D4337BCB2F16}.Debug|Any CPU.Build.0 = Debug|Any CPU
		{D4433D01-D4F8-462E-895C-D4337BCB2F16}.Release|Any CPU.ActiveCfg = Release|Any CPU
		{D4433D01-D4F8-462E-895C-D4337BCB2F16}.Release|Any CPU.Build.0 = Release|Any CPU
	EndGlobalSection
	GlobalSection(SolutionProperties) = preSolution
		HideSolutionNode = FALSE
	EndGlobalSection
	GlobalSection(ExtensibilityGlobals) = postSolution
		SolutionGuid = {F19F6D62-B5CA-4ADF-A524-A9EDC525072F}
	EndGlobalSection
EndGlobal
